
Microsoft Visual Studio Solution File, Format Version 12.00
# Visual Studio Version 16
VisualStudioVersion = 16.0.31410.357
MinimumVisualStudioVersion = 10.0.40219.1
Project("{FAE04EC0-301F-11D3-BF4B-00C04F79EFBC}") = "CoffeeShop", "CoffeeShop\CoffeeShop.csproj", "{2F1F8BF1-D278-4FE1-A4A7-3E73FE64DB64}"
EndProject
Global
	GlobalSection(SolutionConfigurationPlatforms) = preSolution
		Debug|Any CPU = Debug|Any CPU
		Release|Any CPU = Release|Any CPU
	EndGlobalSection
	GlobalSection(ProjectConfigurationPlatforms) = postSolution
		{2F1F8BF1-D278-4FE1-A4A7-3E73FE64DB64}.Debug|Any CPU.ActiveCfg = Debug|Any CPU
		{2F1F8BF1-D278-4FE1-A4A7-3E73FE64DB64}.Debug|Any CPU.Build.0 = Debug|Any CPU
		{2F1F8BF1-D278-4FE1-A4A7-3E73FE64DB64}.Release|Any CPU.ActiveCfg = Release|Any CPU
		{2F1F8BF1-D278-4FE1-A4A7-3E73FE64DB64}.Release|Any CPU.Build.0 = Release|Any CPU
	EndGlobalSection
	GlobalSection(SolutionProperties) = preSolution
		HideSolutionNode = FALSE
	EndGlobalSection
	GlobalSection(ExtensibilityGlobals) = postSolution
		SolutionGuid = {B82E4807-471B-41A7-A62F-9A3DC62B3F3C}
	EndGlobalSection
EndGlobal
